
Microsoft Visual Studio Solution File, Format Version 12.00
# Visual Studio Version 16
VisualStudioVersion = 16.0.30608.117
MinimumVisualStudioVersion = 10.0.40219.1
Project("{FAE04EC0-301F-11D3-BF4B-00C04F79EFBC}") = "WS.BM.Deposito.Plazos", "WS.BM.Deposito.Plazos\WS.BM.Deposito.Plazos.csproj", "{DCCDA0EF-003F-4DCC-857F-A6ED4A2BB076}"
EndProject
Project("{FAE04EC0-301F-11D3-BF4B-00C04F79EFBC}") = "BM.Lib.Domains", "BM.Lib.Domains\BM.Lib.Domains.csproj", "{C1BA1A62-54E1-4A36-A809-278482A4767B}"
EndProject
Project("{FAE04EC0-301F-11D3-BF4B-00C04F79EFBC}") = "BM.Lib.Repositories", "BM.Lib.Repositories\BM.Lib.Repositories.csproj", "{4DFB05DB-1760-47D9-981B-C07DF2706D22}"
EndProject
Global
	GlobalSection(SolutionConfigurationPlatforms) = preSolution
		Debug|Any CPU = Debug|Any CPU
		Release|Any CPU = Release|Any CPU
	EndGlobalSection
	GlobalSection(ProjectConfigurationPlatforms) = postSolution
		{DCCDA0EF-003F-4DCC-857F-A6ED4A2BB076}.Debug|Any CPU.ActiveCfg = Debug|Any CPU
		{DCCDA0EF-003F-4DCC-857F-A6ED4A2BB076}.Debug|Any CPU.Build.0 = Debug|Any CPU
		{DCCDA0EF-003F-4DCC-857F-A6ED4A2BB076}.Release|Any CPU.ActiveCfg = Release|Any CPU
		{DCCDA0EF-003F-4DCC-857F-A6ED4A2BB076}.Release|Any CPU.Build.0 = Release|Any CPU
		{C1BA1A62-54E1-4A36-A809-278482A4767B}.Debug|Any CPU.ActiveCfg = Debug|Any CPU
		{C1BA1A62-54E1-4A36-A809-278482A4767B}.Debug|Any CPU.Build.0 = Debug|Any CPU
		{C1BA1A62-54E1-4A36-A809-278482A4767B}.Release|Any CPU.ActiveCfg = Release|Any CPU
		{C1BA1A62-54E1-4A36-A809-278482A4767B}.Release|Any CPU.Build.0 = Release|Any CPU
		{4DFB05DB-1760-47D9-981B-C07DF2706D22}.Debug|Any CPU.ActiveCfg = Debug|Any CPU
		{4DFB05DB-1760-47D9-981B-C07DF2706D22}.Debug|Any CPU.Build.0 = Debug|Any CPU
		{4DFB05DB-1760-47D9-981B-C07DF2706D22}.Release|Any CPU.ActiveCfg = Release|Any CPU
		{4DFB05DB-1760-47D9-981B-C07DF2706D22}.Release|Any CPU.Build.0 = Release|Any CPU
	EndGlobalSection
	GlobalSection(SolutionProperties) = preSolution
		HideSolutionNode = FALSE
	EndGlobalSection
	GlobalSection(ExtensibilityGlobals) = postSolution
		SolutionGuid = {326098E6-5E30-4A26-B7A4-B2B332BED522}
	EndGlobalSection
EndGlobal
